// !$*UTF8*$!
{
	archiveVersion = 1;
	classes = {
	};
	objectVersion = 50;
	objects = {

/* Begin PBXBuildFile section */
		C373F42C25228164008DF5B9 /* AppDelegate.m in Sources */ = {isa = PBXBuildFile; fileRef = C373F42B25228164008DF5B9 /* AppDelegate.m */; };
		C373F42F25228164008DF5B9 /* SceneDelegate.m in Sources */ = {isa = PBXBuildFile; fileRef = C373F42E25228164008DF5B9 /* SceneDelegate.m */; };
		C373F43525228164008DF5B9 /* Main.storyboard in Resources */ = {isa = PBXBuildFile; fileRef = C373F43325228164008DF5B9 /* Main.storyboard */; };
		C373F43725228165008DF5B9 /* Assets.xcassets in Resources */ = {isa = PBXBuildFile; fileRef = C373F43625228165008DF5B9 /* Assets.xcassets */; };
		C373F43A25228165008DF5B9 /* LaunchScreen.storyboard in Resources */ = {isa = PBXBuildFile; fileRef = C373F43825228165008DF5B9 /* LaunchScreen.storyboard */; };
		C373F43D25228165008DF5B9 /* main.m in Sources */ = {isa = PBXBuildFile; fileRef = C373F43C25228165008DF5B9 /* main.m */; };
		C373F45225228410008DF5B9 /* DLDEntry.m in Sources */ = {isa = PBXBuildFile; fileRef = C373F45125228410008DF5B9 /* DLDEntry.m */; };
		C373F45A252287A1008DF5B9 /* DLDEntryController.m in Sources */ = {isa = PBXBuildFile; fileRef = C373F459252287A1008DF5B9 /* DLDEntryController.m */; };
		C373F46225229EE5008DF5B9 /* DLDEntryListTableViewController.m in Sources */ = {isa = PBXBuildFile; fileRef = C373F46125229EE5008DF5B9 /* DLDEntryListTableViewController.m */; };
		C373F46625229F0A008DF5B9 /* DLDEntryViewController.m in Sources */ = {isa = PBXBuildFile; fileRef = C373F46525229F0A008DF5B9 /* DLDEntryViewController.m */; };
/* End PBXBuildFile section */

/* Begin PBXFileReference section */
		C373F42725228164008DF5B9 /* Journal-C.app */ = {isa = PBXFileReference; explicitFileType = wrapper.application; includeInIndex = 0; path = "Journal-C.app"; sourceTree = BUILT_PRODUCTS_DIR; };
		C373F42A25228164008DF5B9 /* AppDelegate.h */ = {isa = PBXFileReference; lastKnownFileType = sourcecode.c.h; path = AppDelegate.h; sourceTree = "<group>"; };
		C373F42B25228164008DF5B9 /* AppDelegate.m */ = {isa = PBXFileReference; lastKnownFileType = sourcecode.c.objc; path = AppDelegate.m; sourceTree = "<group>"; };
		C373F42D25228164008DF5B9 /* SceneDelegate.h */ = {isa = PBXFileReference; lastKnownFileType = sourcecode.c.h; path = SceneDelegate.h; sourceTree = "<group>"; };
		C373F42E25228164008DF5B9 /* SceneDelegate.m */ = {isa = PBXFileReference; lastKnownFileType = sourcecode.c.objc; path = SceneDelegate.m; sourceTree = "<group>"; };
		C373F43425228164008DF5B9 /* Base */ = {isa = PBXFileReference; lastKnownFileType = file.storyboard; name = Base; path = Base.lproj/Main.storyboard; sourceTree = "<group>"; };
		C373F43625228165008DF5B9 /* Assets.xcassets */ = {isa = PBXFileReference; lastKnownFileType = folder.assetcatalog; path = Assets.xcassets; sourceTree = "<group>"; };
		C373F43925228165008DF5B9 /* Base */ = {isa = PBXFileReference; lastKnownFileType = file.storyboard; name = Base; path = Base.lproj/LaunchScreen.storyboard; sourceTree = "<group>"; };
		C373F43B25228165008DF5B9 /* Info.plist */ = {isa = PBXFileReference; lastKnownFileType = text.plist.xml; path = Info.plist; sourceTree = "<group>"; };
		C373F43C25228165008DF5B9 /* main.m */ = {isa = PBXFileReference; lastKnownFileType = sourcecode.c.objc; path = main.m; sourceTree = "<group>"; };
		C373F45025228410008DF5B9 /* DLDEntry.h */ = {isa = PBXFileReference; lastKnownFileType = sourcecode.c.h; path = DLDEntry.h; sourceTree = "<group>"; };
		C373F45125228410008DF5B9 /* DLDEntry.m */ = {isa = PBXFileReference; lastKnownFileType = sourcecode.c.objc; path = DLDEntry.m; sourceTree = "<group>"; };
		C373F458252287A1008DF5B9 /* DLDEntryController.h */ = {isa = PBXFileReference; lastKnownFileType = sourcecode.c.h; path = DLDEntryController.h; sourceTree = "<group>"; };
		C373F459252287A1008DF5B9 /* DLDEntryController.m */ = {isa = PBXFileReference; lastKnownFileType = sourcecode.c.objc; path = DLDEntryController.m; sourceTree = "<group>"; };
		C373F46025229EE5008DF5B9 /* DLDEntryListTableViewController.h */ = {isa = PBXFileReference; lastKnownFileType = sourcecode.c.h; path = DLDEntryListTableViewController.h; sourceTree = "<group>"; };
		C373F46125229EE5008DF5B9 /* DLDEntryListTableViewController.m */ = {isa = PBXFileReference; lastKnownFileType = sourcecode.c.objc; path = DLDEntryListTableViewController.m; sourceTree = "<group>"; };
		C373F46425229F0A008DF5B9 /* DLDEntryViewController.h */ = {isa = PBXFileReference; lastKnownFileType = sourcecode.c.h; path = DLDEntryViewController.h; sourceTree = "<group>"; };
		C373F46525229F0A008DF5B9 /* DLDEntryViewController.m */ = {isa = PBXFileReference; lastKnownFileType = sourcecode.c.objc; path = DLDEntryViewController.m; sourceTree = "<group>"; };
/* End PBXFileReference section */

/* Begin PBXFrameworksBuildPhase section */
		C373F42425228164008DF5B9 /* Frameworks */ = {
			isa = PBXFrameworksBuildPhase;
			buildActionMask = 2147483647;
			files = (
			);
			runOnlyForDeploymentPostprocessing = 0;
		};
/* End PBXFrameworksBuildPhase section */

/* Begin PBXGroup section */
		C373F41E25228164008DF5B9 = {
			isa = PBXGroup;
			children = (
				C373F42925228164008DF5B9 /* Journal-C */,
				C373F42825228164008DF5B9 /* Products */,
			);
			sourceTree = "<group>";
		};
		C373F42825228164008DF5B9 /* Products */ = {
			isa = PBXGroup;
			children = (
				C373F42725228164008DF5B9 /* Journal-C.app */,
			);
			name = Products;
			sourceTree = "<group>";
		};
		C373F42925228164008DF5B9 /* Journal-C */ = {
			isa = PBXGroup;
			children = (
				C373F45D25229BC1008DF5B9 /* Views */,
				C373F45525228772008DF5B9 /* Controllers */,
				C373F44A25228307008DF5B9 /* Models */,
				C373F4452522828E008DF5B9 /* Resources */,
			);
			path = "Journal-C";
			sourceTree = "<group>";
		};
		C373F4452522828E008DF5B9 /* Resources */ = {
			isa = PBXGroup;
			children = (
				C373F42A25228164008DF5B9 /* AppDelegate.h */,
				C373F42B25228164008DF5B9 /* AppDelegate.m */,
				C373F42D25228164008DF5B9 /* SceneDelegate.h */,
				C373F42E25228164008DF5B9 /* SceneDelegate.m */,
				C373F43625228165008DF5B9 /* Assets.xcassets */,
				C373F43825228165008DF5B9 /* LaunchScreen.storyboard */,
				C373F43B25228165008DF5B9 /* Info.plist */,
				C373F43C25228165008DF5B9 /* main.m */,
			);
			path = Resources;
			sourceTree = "<group>";
		};
		C373F44A25228307008DF5B9 /* Models */ = {
			isa = PBXGroup;
			children = (
				C373F45025228410008DF5B9 /* DLDEntry.h */,
				C373F45125228410008DF5B9 /* DLDEntry.m */,
			);
			path = Models;
			sourceTree = "<group>";
		};
		C373F45525228772008DF5B9 /* Controllers */ = {
			isa = PBXGroup;
			children = (
				C373F45725228782008DF5B9 /* ViewControllers */,
				C373F4562522877A008DF5B9 /* ModelControllers */,
			);
			path = Controllers;
			sourceTree = "<group>";
		};
		C373F4562522877A008DF5B9 /* ModelControllers */ = {
			isa = PBXGroup;
			children = (
				C373F458252287A1008DF5B9 /* DLDEntryController.h */,
				C373F459252287A1008DF5B9 /* DLDEntryController.m */,
			);
			path = ModelControllers;
			sourceTree = "<group>";
		};
		C373F45725228782008DF5B9 /* ViewControllers */ = {
			isa = PBXGroup;
			children = (
				C373F46025229EE5008DF5B9 /* DLDEntryListTableViewController.h */,
				C373F46125229EE5008DF5B9 /* DLDEntryListTableViewController.m */,
				C373F46425229F0A008DF5B9 /* DLDEntryViewController.h */,
				C373F46525229F0A008DF5B9 /* DLDEntryViewController.m */,
			);
			path = ViewControllers;
			sourceTree = "<group>";
		};
		C373F45D25229BC1008DF5B9 /* Views */ = {
			isa = PBXGroup;
			children = (
				C373F45E25229BD1008DF5B9 /* Storyboards */,
			);
			path = Views;
			sourceTree = "<group>";
		};
		C373F45E25229BD1008DF5B9 /* Storyboards */ = {
			isa = PBXGroup;
			children = (
				C373F43325228164008DF5B9 /* Main.storyboard */,
			);
			path = Storyboards;
			sourceTree = "<group>";
		};
/* End PBXGroup section */

/* Begin PBXNativeTarget section */
		C373F42625228164008DF5B9 /* Journal-C */ = {
			isa = PBXNativeTarget;
			buildConfigurationList = C373F44025228165008DF5B9 /* Build configuration list for PBXNativeTarget "Journal-C" */;
			buildPhases = (
				C373F42325228164008DF5B9 /* Sources */,
				C373F42425228164008DF5B9 /* Frameworks */,
				C373F42525228164008DF5B9 /* Resources */,
			);
			buildRules = (
			);
			dependencies = (
			);
			name = "Journal-C";
			productName = "Journal-C";
			productReference = C373F42725228164008DF5B9 /* Journal-C.app */;
			productType = "com.apple.product-type.application";
		};
/* End PBXNativeTarget section */

/* Begin PBXProject section */
		C373F41F25228164008DF5B9 /* Project object */ = {
			isa = PBXProject;
			attributes = {
				LastUpgradeCheck = 1200;
				TargetAttributes = {
					C373F42625228164008DF5B9 = {
						CreatedOnToolsVersion = 12.0.1;
					};
				};
			};
			buildConfigurationList = C373F42225228164008DF5B9 /* Build configuration list for PBXProject "Journal-C" */;
			compatibilityVersion = "Xcode 9.3";
			developmentRegion = en;
			hasScannedForEncodings = 0;
			knownRegions = (
				en,
				Base,
			);
			mainGroup = C373F41E25228164008DF5B9;
			productRefGroup = C373F42825228164008DF5B9 /* Products */;
			projectDirPath = "";
			projectRoot = "";
			targets = (
				C373F42625228164008DF5B9 /* Journal-C */,
			);
		};
/* End PBXProject section */

/* Begin PBXResourcesBuildPhase section */
		C373F42525228164008DF5B9 /* Resources */ = {
			isa = PBXResourcesBuildPhase;
			buildActionMask = 2147483647;
			files = (
				C373F43A25228165008DF5B9 /* LaunchScreen.storyboard in Resources */,
				C373F43725228165008DF5B9 /* Assets.xcassets in Resources */,
				C373F43525228164008DF5B9 /* Main.storyboard in Resources */,
			);
			runOnlyForDeploymentPostprocessing = 0;
		};
/* End PBXResourcesBuildPhase section */

/* Begin PBXSourcesBuildPhase section */
		C373F42325228164008DF5B9 /* Sources */ = {
			isa = PBXSourcesBuildPhase;
			buildActionMask = 2147483647;
			files = (
				C373F42C25228164008DF5B9 /* AppDelegate.m in Sources */,
				C373F46625229F0A008DF5B9 /* DLDEntryViewController.m in Sources */,
				C373F45A252287A1008DF5B9 /* DLDEntryController.m in Sources */,
				C373F43D25228165008DF5B9 /* main.m in Sources */,
				C373F46225229EE5008DF5B9 /* DLDEntryListTableViewController.m in Sources */,
				C373F42F25228164008DF5B9 /* SceneDelegate.m in Sources */,
				C373F45225228410008DF5B9 /* DLDEntry.m in Sources */,
			);
			runOnlyForDeploymentPostprocessing = 0;
		};
/* End PBXSourcesBuildPhase section */

/* Begin PBXVariantGroup section */
		C373F43325228164008DF5B9 /* Main.storyboard */ = {
			isa = PBXVariantGroup;
			children = (
				C373F43425228164008DF5B9 /* Base */,
			);
			name = Main.storyboard;
			sourceTree = "<group>";
		};
		C373F43825228165008DF5B9 /* LaunchScreen.storyboard */ = {
			isa = PBXVariantGroup;
			children = (
				C373F43925228165008DF5B9 /* Base */,
			);
			name = LaunchScreen.storyboard;
			sourceTree = "<group>";
		};
/* End PBXVariantGroup section */

/* Begin XCBuildConfiguration section */
		C373F43E25228165008DF5B9 /* Debug */ = {
			isa = XCBuildConfiguration;
			buildSettings = {
				ALWAYS_SEARCH_USER_PATHS = NO;
				CLANG_ANALYZER_NONNULL = YES;
				CLANG_ANALYZER_NUMBER_OBJECT_CONVERSION = YES_AGGRESSIVE;
				CLANG_CXX_LANGUAGE_STANDARD = "gnu++14";
				CLANG_CXX_LIBRARY = "libc++";
				CLANG_ENABLE_MODULES = YES;
				CLANG_ENABLE_OBJC_ARC = YES;
				CLANG_ENABLE_OBJC_WEAK = YES;
				CLANG_WARN_BLOCK_CAPTURE_AUTORELEASING = YES;
				CLANG_WARN_BOOL_CONVERSION = YES;
				CLANG_WARN_COMMA = YES;
				CLANG_WARN_CONSTANT_CONVERSION = YES;
				CLANG_WARN_DEPRECATED_OBJC_IMPLEMENTATIONS = YES;
				CLANG_WARN_DIRECT_OBJC_ISA_USAGE = YES_ERROR;
				CLANG_WARN_DOCUMENTATION_COMMENTS = YES;
				CLANG_WARN_EMPTY_BODY = YES;
				CLANG_WARN_ENUM_CONVERSION = YES;
				CLANG_WARN_INFINITE_RECURSION = YES;
				CLANG_WARN_INT_CONVERSION = YES;
				CLANG_WARN_NON_LITERAL_NULL_CONVERSION = YES;
				CLANG_WARN_OBJC_IMPLICIT_RETAIN_SELF = YES;
				CLANG_WARN_OBJC_LITERAL_CONVERSION = YES;
				CLANG_WARN_OBJC_ROOT_CLASS = YES_ERROR;
				CLANG_WARN_QUOTED_INCLUDE_IN_FRAMEWORK_HEADER = YES;
				CLANG_WARN_RANGE_LOOP_ANALYSIS = YES;
				CLANG_WARN_STRICT_PROTOTYPES = YES;
				CLANG_WARN_SUSPICIOUS_MOVE = YES;
				CLANG_WARN_UNGUARDED_AVAILABILITY = YES_AGGRESSIVE;
				CLANG_WARN_UNREACHABLE_CODE = YES;
				CLANG_WARN__DUPLICATE_METHOD_MATCH = YES;
				COPY_PHASE_STRIP = NO;
				DEBUG_INFORMATION_FORMAT = dwarf;
				ENABLE_STRICT_OBJC_MSGSEND = YES;
				ENABLE_TESTABILITY = YES;
				GCC_C_LANGUAGE_STANDARD = gnu11;
				GCC_DYNAMIC_NO_PIC = NO;
				GCC_NO_COMMON_BLOCKS = YES;
				GCC_OPTIMIZATION_LEVEL = 0;
				GCC_PREPROCESSOR_DEFINITIONS = (
					"DEBUG=1",
					"$(inherited)",
				);
				GCC_WARN_64_TO_32_BIT_CONVERSION = YES;
				GCC_WARN_ABOUT_RETURN_TYPE = YES_ERROR;
				GCC_WARN_UNDECLARED_SELECTOR = YES;
				GCC_WARN_UNINITIALIZED_AUTOS = YES_AGGRESSIVE;
				GCC_WARN_UNUSED_FUNCTION = YES;
				GCC_WARN_UNUSED_VARIABLE = YES;
				IPHONEOS_DEPLOYMENT_TARGET = 14.0;
				MTL_ENABLE_DEBUG_INFO = INCLUDE_SOURCE;
				MTL_FAST_MATH = YES;
				ONLY_ACTIVE_ARCH = YES;
				SDKROOT = iphoneos;
			};
			name = Debug;
		};
		C373F43F25228165008DF5B9 /* Release */ = {
			isa = XCBuildConfiguration;
			buildSettings = {
				ALWAYS_SEARCH_USER_PATHS = NO;
				CLANG_ANALYZER_NONNULL = YES;
				CLANG_ANALYZER_NUMBER_OBJECT_CONVERSION = YES_AGGRESSIVE;
				CLANG_CXX_LANGUAGE_STANDARD = "gnu++14";
				CLANG_CXX_LIBRARY = "libc++";
				CLANG_ENABLE_MODULES = YES;
				CLANG_ENABLE_OBJC_ARC = YES;
				CLANG_ENABLE_OBJC_WEAK = YES;
				CLANG_WARN_BLOCK_CAPTURE_AUTORELEASING = YES;
				CLANG_WARN_BOOL_CONVERSION = YES;
				CLANG_WARN_COMMA = YES;
				CLANG_WARN_CONSTANT_CONVERSION = YES;
				CLANG_WARN_DEPRECATED_OBJC_IMPLEMENTATIONS = YES;
				CLANG_WARN_DIRECT_OBJC_ISA_USAGE = YES_ERROR;
				CLANG_WARN_DOCUMENTATION_COMMENTS = YES;
				CLANG_WARN_EMPTY_BODY = YES;
				CLANG_WARN_ENUM_CONVERSION = YES;
				CLANG_WARN_INFINITE_RECURSION = YES;
				CLANG_WARN_INT_CONVERSION = YES;
				CLANG_WARN_NON_LITERAL_NULL_CONVERSION = YES;
				CLANG_WARN_OBJC_IMPLICIT_RETAIN_SELF = YES;
				CLANG_WARN_OBJC_LITERAL_CONVERSION = YES;
				CLANG_WARN_OBJC_ROOT_CLASS = YES_ERROR;
				CLANG_WARN_QUOTED_INCLUDE_IN_FRAMEWORK_HEADER = YES;
				CLANG_WARN_RANGE_LOOP_ANALYSIS = YES;
				CLANG_WARN_STRICT_PROTOTYPES = YES;
				CLANG_WARN_SUSPICIOUS_MOVE = YES;
				CLANG_WARN_UNGUARDED_AVAILABILITY = YES_AGGRESSIVE;
				CLANG_WARN_UNREACHABLE_CODE = YES;
				CLANG_WARN__DUPLICATE_METHOD_MATCH = YES;
				COPY_PHASE_STRIP = NO;
				DEBUG_INFORMATION_FORMAT = "dwarf-with-dsym";
				ENABLE_NS_ASSERTIONS = NO;
				ENABLE_STRICT_OBJC_MSGSEND = YES;
				GCC_C_LANGUAGE_STANDARD = gnu11;
				GCC_NO_COMMON_BLOCKS = YES;
				GCC_WARN_64_TO_32_BIT_CONVERSION = YES;
				GCC_WARN_ABOUT_RETURN_TYPE = YES_ERROR;
				GCC_WARN_UNDECLARED_SELECTOR = YES;
				GCC_WARN_UNINITIALIZED_AUTOS = YES_AGGRESSIVE;
				GCC_WARN_UNUSED_FUNCTION = YES;
				GCC_WARN_UNUSED_VARIABLE = YES;
				IPHONEOS_DEPLOYMENT_TARGET = 14.0;
				MTL_ENABLE_DEBUG_INFO = NO;
				MTL_FAST_MATH = YES;
				SDKROOT = iphoneos;
				VALIDATE_PRODUCT = YES;
			};
			name = Release;
		};
		C373F44125228165008DF5B9 /* Debug */ = {
			isa = XCBuildConfiguration;
			buildSettings = {
				ASSETCATALOG_COMPILER_APPICON_NAME = AppIcon;
				ASSETCATALOG_COMPILER_GLOBAL_ACCENT_COLOR_NAME = AccentColor;
				CODE_SIGN_STYLE = Automatic;
				INFOPLIST_FILE = "Journal-C/Resources/Info.plist";
				LD_RUNPATH_SEARCH_PATHS = (
					"$(inherited)",
					"@executable_path/Frameworks",
				);
				PRODUCT_BUNDLE_IDENTIFIER = "com.DevenDay.Journal-C";
				PRODUCT_NAME = "$(TARGET_NAME)";
				TARGETED_DEVICE_FAMILY = "1,2";
			};
			name = Debug;
		};
		C373F44225228165008DF5B9 /* Release */ = {
			isa = XCBuildConfiguration;
			buildSettings = {
				ASSETCATALOG_COMPILER_APPICON_NAME = AppIcon;
				ASSETCATALOG_COMPILER_GLOBAL_ACCENT_COLOR_NAME = AccentColor;
				CODE_SIGN_STYLE = Automatic;
				INFOPLIST_FILE = "Journal-C/Resources/Info.plist";
				LD_RUNPATH_SEARCH_PATHS = (
					"$(inherited)",
					"@executable_path/Frameworks",
				);
				PRODUCT_BUNDLE_IDENTIFIER = "com.DevenDay.Journal-C";
				PRODUCT_NAME = "$(TARGET_NAME)";
				TARGETED_DEVICE_FAMILY = "1,2";
			};
			name = Release;
		};
/* End XCBuildConfiguration section */

/* Begin XCConfigurationList section */
		C373F42225228164008DF5B9 /* Build configuration list for PBXProject "Journal-C" */ = {
			isa = XCConfigurationList;
			buildConfigurations = (
				C373F43E25228165008DF5B9 /* Debug */,
				C373F43F25228165008DF5B9 /* Release */,
			);
			defaultConfigurationIsVisible = 0;
			defaultConfigurationName = Release;
		};
		C373F44025228165008DF5B9 /* Build configuration list for PBXNativeTarget "Journal-C" */ = {
			isa = XCConfigurationList;
			buildConfigurations = (
				C373F44125228165008DF5B9 /* Debug */,
				C373F44225228165008DF5B9 /* Release */,
			);
			defaultConfigurationIsVisible = 0;
			defaultConfigurationName = Release;
		};
/* End XCConfigurationList section */
	};
	rootObject = C373F41F25228164008DF5B9 /* Project object */;
}
